# THIS IS AN AUTOGENERATED FILE. DO NOT EDIT THIS FILE DIRECTLY.
# yarn lockfile v1


"@apollo/protobufjs@1.2.4":
  version "1.2.4"
  resolved "https://repo.symphony.com/artifactory/api/npm/npm-virtual-dev/@apollo/protobufjs/-/protobufjs-1.2.4.tgz#d913e7627210ec5efd758ceeb751c776c68ba133"
  integrity sha1-2RPnYnIQ7F79dYzut1HHdsaLoTM=
  dependencies:
    "@protobufjs/aspromise" "^1.1.2"
    "@protobufjs/base64" "^1.1.2"
    "@protobufjs/codegen" "^2.0.4"
    "@protobufjs/eventemitter" "^1.1.0"
    "@protobufjs/fetch" "^1.1.0"
    "@protobufjs/float" "^1.0.2"
    "@protobufjs/inquire" "^1.1.0"
    "@protobufjs/path" "^1.1.2"
    "@protobufjs/pool" "^1.1.0"
    "@protobufjs/utf8" "^1.1.0"
    "@types/long" "^4.0.0"
    "@types/node" "^10.1.0"
    long "^4.0.0"

"@apollo/utils.dropunuseddefinitions@^1.1.0":
  version "1.1.0"
  resolved "https://repo.symphony.com/artifactory/api/npm/npm-virtual-dev/@apollo/utils.dropunuseddefinitions/-/utils.dropunuseddefinitions-1.1.0.tgz#02b04006442eaf037f4c4624146b12775d70d929"
  integrity sha1-ArBABkQurwN/TEYkFGsSd11w2Sk=

"@apollo/utils.keyvaluecache@^1.0.1":
  version "1.0.1"
  resolved "https://repo.symphony.com/artifactory/api/npm/npm-virtual-dev/@apollo/utils.keyvaluecache/-/utils.keyvaluecache-1.0.1.tgz#46f310f859067efe9fa126156c6954f8381080d2"
  integrity sha1-RvMQ+FkGfv6foSYVbGlU+DgQgNI=
  dependencies:
    "@apollo/utils.logger" "^1.0.0"
    lru-cache "^7.10.1"

"@apollo/utils.logger@^1.0.0":
  version "1.0.0"
  resolved "https://repo.symphony.com/artifactory/api/npm/npm-virtual-dev/@apollo/utils.logger/-/utils.logger-1.0.0.tgz#6e3460a2250c2ef7c2c3b0be6b5e148a1596f12b"
  integrity sha1-bjRgoiUMLvfCw7C+a14UihWW8Ss=

"@apollo/utils.printwithreducedwhitespace@^1.1.0":
  version "1.1.0"
  resolved "https://repo.symphony.com/artifactory/api/npm/npm-virtual-dev/@apollo/utils.printwithreducedwhitespace/-/utils.printwithreducedwhitespace-1.1.0.tgz#c466299a4766eef8577a2a64c8f27712e8bd7e30"
  integrity sha1-xGYpmkdm7vhXeipkyPJ3Eui9fjA=

"@apollo/utils.removealiases@1.0.0":
  version "1.0.0"
  resolved "https://repo.symphony.com/artifactory/api/npm/npm-virtual-dev/@apollo/utils.removealiases/-/utils.removealiases-1.0.0.tgz#75f6d83098af1fcae2d3beb4f515ad4a8452a8c1"
  integrity sha1-dfbYMJivH8ri07609RWtSoRSqME=

"@apollo/utils.sortast@^1.1.0":
  version "1.1.0"
  resolved "https://repo.symphony.com/artifactory/api/npm/npm-virtual-dev/@apollo/utils.sortast/-/utils.sortast-1.1.0.tgz#93218c7008daf3e2a0725196085a33f5aab5ad07"
  integrity sha1-kyGMcAja8+KgclGWCFoz9aq1rQc=
  dependencies:
    lodash.sortby "^4.7.0"

"@apollo/utils.stripsensitiveliterals@^1.2.0":
  version "1.2.0"
  resolved "https://repo.symphony.com/artifactory/api/npm/npm-virtual-dev/@apollo/utils.stripsensitiveliterals/-/utils.stripsensitiveliterals-1.2.0.tgz#4920651f36beee8e260e12031a0c5863ad0c7b28"
  integrity sha1-SSBlHza+7o4mDhIDGgxYY60Meyg=

"@apollo/utils.usagereporting@^1.0.0":
  version "1.0.0"
  resolved "https://repo.symphony.com/artifactory/api/npm/npm-virtual-dev/@apollo/utils.usagereporting/-/utils.usagereporting-1.0.0.tgz#b81df180f4ca78b91a22cb49105174a7f070db1e"
  integrity sha1-uB3xgPTKeLkaIstJEFF0p/Bw2x4=
  dependencies:
    "@apollo/utils.dropunuseddefinitions" "^1.1.0"
    "@apollo/utils.printwithreducedwhitespace" "^1.1.0"
    "@apollo/utils.removealiases" "1.0.0"
    "@apollo/utils.sortast" "^1.1.0"
    "@apollo/utils.stripsensitiveliterals" "^1.2.0"
    apollo-reporting-protobuf "^3.3.1"

"@apollographql/apollo-tools@^0.5.3":
  version "0.5.4"
  resolved "https://repo.symphony.com/artifactory/api/npm/npm-virtual-dev/@apollographql/apollo-tools/-/apollo-tools-0.5.4.tgz#cb3998c6cf12e494b90c733f44dd9935e2d8196c"
  integrity sha1-yzmYxs8S5JS5DHM/RN2ZNeLYGWw=

"@apollographql/graphql-playground-html@1.6.29":
  version "1.6.29"
  resolved "https://repo.symphony.com/artifactory/api/npm/npm-virtual-dev/@apollographql/graphql-playground-html/-/graphql-playground-html-1.6.29.tgz#a7a646614a255f62e10dcf64a7f68ead41dec453"
  integrity sha1-p6ZGYUolX2LhDc9kp/aOrUHexFM=
  dependencies:
    xss "^1.0.8"

"@graphql-tools/merge@8.3.1":
  version "8.3.1"
  resolved "https://repo.symphony.com/artifactory/api/npm/npm-virtual-dev/@graphql-tools/merge/-/merge-8.3.1.tgz#06121942ad28982a14635dbc87b5d488a041d722"
  integrity sha1-BhIZQq0omCoUY128h7XUiKBB1yI=
  dependencies:
    "@graphql-tools/utils" "8.9.0"
    tslib "^2.4.0"

"@graphql-tools/merge@8.3.6":
  version "8.3.6"
  resolved "https://repo.symphony.com/artifactory/api/npm/npm-virtual-dev/@graphql-tools/merge/-/merge-8.3.6.tgz#97a936d4c8e8f935e58a514bb516c476437b5b2c"
  integrity sha1-l6k21Mjo+TXlilFLtRbEdkN7Wyw=
  dependencies:
    "@graphql-tools/utils" "8.12.0"
    tslib "^2.4.0"

"@graphql-tools/mock@^8.1.2":
  version "8.7.6"
  resolved "https://repo.symphony.com/artifactory/api/npm/npm-virtual-dev/@graphql-tools/mock/-/mock-8.7.6.tgz#701d898f7fe6c22e40d6d80e25874e464359ce11"
  integrity sha1-cB2Jj3/mwi5A1tgOJYdORkNZzhE=
  dependencies:
    "@graphql-tools/schema" "9.0.4"
    "@graphql-tools/utils" "8.12.0"
    fast-json-stable-stringify "^2.1.0"
    tslib "^2.4.0"

"@graphql-tools/schema@9.0.4":
  version "9.0.4"
  resolved "https://repo.symphony.com/artifactory/api/npm/npm-virtual-dev/@graphql-tools/schema/-/schema-9.0.4.tgz#1a74608b57abf90fae6fd929d25e5482c57bc05d"
  integrity sha1-GnRgi1er+Q+ub9kp0l5UgsV7wF0=
  dependencies:
    "@graphql-tools/merge" "8.3.6"
    "@graphql-tools/utils" "8.12.0"
    tslib "^2.4.0"
    value-or-promise "1.0.11"

"@graphql-tools/schema@^8.0.0":
  version "8.5.1"
  resolved "https://repo.symphony.com/artifactory/api/npm/npm-virtual-dev/@graphql-tools/schema/-/schema-8.5.1.tgz#c2f2ff1448380919a330312399c9471db2580b58"
  integrity sha1-wvL/FEg4CRmjMDEjmclHHbJYC1g=
  dependencies:
    "@graphql-tools/merge" "8.3.1"
    "@graphql-tools/utils" "8.9.0"
    tslib "^2.4.0"
    value-or-promise "1.0.11"

"@graphql-tools/utils@8.12.0":
  version "8.12.0"
  resolved "https://repo.symphony.com/artifactory/api/npm/npm-virtual-dev/@graphql-tools/utils/-/utils-8.12.0.tgz#243bc4f5fc2edbc9e8fd1038189e57d837cbe31f"
  integrity sha1-JDvE9fwu28no/RA4GJ5X2DfL4x8=
  dependencies:
    tslib "^2.4.0"

"@graphql-tools/utils@8.9.0":
  version "8.9.0"
  resolved "https://repo.symphony.com/artifactory/api/npm/npm-virtual-dev/@graphql-tools/utils/-/utils-8.9.0.tgz#c6aa5f651c9c99e1aca55510af21b56ec296cdb7"
  integrity sha1-xqpfZRycmeGspVUQryG1bsKWzbc=
  dependencies:
    tslib "^2.4.0"

"@josephg/resolvable@^1.0.0":
  version "1.0.1"
  resolved "https://repo.symphony.com/artifactory/api/npm/npm-virtual-dev/@josephg/resolvable/-/resolvable-1.0.1.tgz#69bc4db754d79e1a2f17a650d3466e038d94a5eb"
  integrity sha1-abxNt1TXnhovF6ZQ00ZuA42Upes=

"@protobufjs/aspromise@^1.1.1", "@protobufjs/aspromise@^1.1.2":
  version "1.1.2"
  resolved "https://repo.symphony.com/artifactory/api/npm/npm-virtual-dev/@protobufjs/aspromise/-/aspromise-1.1.2.tgz#9b8b0cc663d669a7d8f6f5d0893a14d348f30fbf"
  integrity sha1-m4sMxmPWaafY9vXQiToU00jzD78=

"@protobufjs/base64@^1.1.2":
  version "1.1.2"
  resolved "https://repo.symphony.com/artifactory/api/npm/npm-virtual-dev/@protobufjs/base64/-/base64-1.1.2.tgz#4c85730e59b9a1f1f349047dbf24296034bb2735"
  integrity sha1-TIVzDlm5ofHzSQR9vyQpYDS7JzU=

"@protobufjs/codegen@^2.0.4":
  version "2.0.4"
  resolved "https://repo.symphony.com/artifactory/api/npm/npm-virtual-dev/@protobufjs/codegen/-/codegen-2.0.4.tgz#7ef37f0d010fb028ad1ad59722e506d9262815cb"
  integrity sha1-fvN/DQEPsCitGtWXIuUG2SYoFcs=

"@protobufjs/eventemitter@^1.1.0":
  version "1.1.0"
  resolved "https://repo.symphony.com/artifactory/api/npm/npm-virtual-dev/@protobufjs/eventemitter/-/eventemitter-1.1.0.tgz#355cbc98bafad5978f9ed095f397621f1d066b70"
  integrity sha1-NVy8mLr61ZePntCV85diHx0Ga3A=

"@protobufjs/fetch@^1.1.0":
  version "1.1.0"
  resolved "https://repo.symphony.com/artifactory/api/npm/npm-virtual-dev/@protobufjs/fetch/-/fetch-1.1.0.tgz#ba99fb598614af65700c1619ff06d454b0d84c45"
  integrity sha1-upn7WYYUr2VwDBYZ/wbUVLDYTEU=
  dependencies:
    "@protobufjs/aspromise" "^1.1.1"
    "@protobufjs/inquire" "^1.1.0"

"@protobufjs/float@^1.0.2":
  version "1.0.2"
  resolved "https://repo.symphony.com/artifactory/api/npm/npm-virtual-dev/@protobufjs/float/-/float-1.0.2.tgz#5e9e1abdcb73fc0a7cb8b291df78c8cbd97b87d1"
  integrity sha1-Xp4avctz/Ap8uLKR33jIy9l7h9E=

"@protobufjs/inquire@^1.1.0":
  version "1.1.0"
  resolved "https://repo.symphony.com/artifactory/api/npm/npm-virtual-dev/@protobufjs/inquire/-/inquire-1.1.0.tgz#ff200e3e7cf2429e2dcafc1140828e8cc638f089"
  integrity sha1-/yAOPnzyQp4tyvwRQIKOjMY48Ik=

"@protobufjs/path@^1.1.2":
  version "1.1.2"
  resolved "https://repo.symphony.com/artifactory/api/npm/npm-virtual-dev/@protobufjs/path/-/path-1.1.2.tgz#6cc2b20c5c9ad6ad0dccfd21ca7673d8d7fbf68d"
  integrity sha1-bMKyDFya1q0NzP0hynZz2Nf79o0=

"@protobufjs/pool@^1.1.0":
  version "1.1.0"
  resolved "https://repo.symphony.com/artifactory/api/npm/npm-virtual-dev/@protobufjs/pool/-/pool-1.1.0.tgz#09fd15f2d6d3abfa9b65bc366506d6ad7846ff54"
  integrity sha1-Cf0V8tbTq/qbZbw2ZQbWrXhG/1Q=

"@protobufjs/utf8@^1.1.0":
  version "1.1.0"
  resolved "https://repo.symphony.com/artifactory/api/npm/npm-virtual-dev/@protobufjs/utf8/-/utf8-1.1.0.tgz#a777360b5b39a1a2e5106f8e858f2fd2d060c570"
  integrity sha1-p3c2C1s5oaLlEG+OhY8v0tBgxXA=

"@types/accepts@^1.3.5":
  version "1.3.5"
  resolved "https://repo.symphony.com/artifactory/api/npm/npm-virtual-dev/@types/accepts/-/accepts-1.3.5.tgz#c34bec115cfc746e04fe5a059df4ce7e7b391575"
  integrity sha1-w0vsEVz8dG4E/loFnfTOfns5FXU=
  dependencies:
    "@types/node" "*"

"@types/body-parser@*", "@types/body-parser@1.19.2":
  version "1.19.2"
  resolved "https://repo.symphony.com/artifactory/api/npm/npm-virtual-dev/@types/body-parser/-/body-parser-1.19.2.tgz#aea2059e28b7658639081347ac4fab3de166e6f0"
  integrity sha1-rqIFnii3ZYY5CBNHrE+rPeFm5vA=
  dependencies:
    "@types/connect" "*"
    "@types/node" "*"

"@types/connect@*":
  version "3.4.35"
  resolved "https://repo.symphony.com/artifactory/api/npm/npm-virtual-dev/@types/connect/-/connect-3.4.35.tgz#5fcf6ae445e4021d1fc2219a4873cc73a3bb2ad1"
  integrity sha1-X89q5EXkAh0fwiGaSHPMc6O7KtE=
  dependencies:
    "@types/node" "*"

"@types/cors@2.8.12":
  version "2.8.12"
  resolved "https://repo.symphony.com/artifactory/api/npm/npm-virtual-dev/@types/cors/-/cors-2.8.12.tgz#6b2c510a7ad7039e98e7b8d3d6598f4359e5c080"
  integrity sha1-ayxRCnrXA56Y57jT1lmPQ1nlwIA=

"@types/express-serve-static-core@4.17.30":
  version "4.17.30"
  resolved "https://repo.symphony.com/artifactory/api/npm/npm-virtual-dev/@types/express-serve-static-core/-/express-serve-static-core-4.17.30.tgz#0f2f99617fa8f9696170c46152ccf7500b34ac04"
  integrity sha1-Dy+ZYX+o+WlhcMRhUsz3UAs0rAQ=
  dependencies:
    "@types/node" "*"
    "@types/qs" "*"
    "@types/range-parser" "*"

"@types/express-serve-static-core@^4.17.18":
  version "4.17.31"
  resolved "https://repo.symphony.com/artifactory/api/npm/npm-virtual-dev/@types/express-serve-static-core/-/express-serve-static-core-4.17.31.tgz#a1139efeab4e7323834bb0226e62ac019f474b2f"
  integrity sha1-oROe/qtOcyODS7AibmKsAZ9HSy8=
  dependencies:
    "@types/node" "*"
    "@types/qs" "*"
    "@types/range-parser" "*"

"@types/express@4.17.13":
  version "4.17.13"
  resolved "https://repo.symphony.com/artifactory/api/npm/npm-virtual-dev/@types/express/-/express-4.17.13.tgz#a76e2995728999bab51a33fabce1d705a3709034"
  integrity sha1-p24plXKJmbq1GjP6vOHXBaNwkDQ=
  dependencies:
    "@types/body-parser" "*"
    "@types/express-serve-static-core" "^4.17.18"
    "@types/qs" "*"
    "@types/serve-static" "*"

"@types/long@^4.0.0":
  version "4.0.2"
  resolved "https://repo.symphony.com/artifactory/api/npm/npm-virtual-dev/@types/long/-/long-4.0.2.tgz#b74129719fc8d11c01868010082d483b7545591a"
  integrity sha1-t0EpcZ/I0RwBhoAQCC1IO3VFWRo=

"@types/mime@*":
  version "3.0.1"
  resolved "https://repo.symphony.com/artifactory/api/npm/npm-virtual-dev/@types/mime/-/mime-3.0.1.tgz#5f8f2bca0a5863cb69bc0b0acd88c96cb1d4ae10"
  integrity sha1-X48rygpYY8tpvAsKzYjJbLHUrhA=

"@types/node@*":
  version "18.7.18"
  resolved "https://repo.symphony.com/artifactory/api/npm/npm-virtual-dev/@types/node/-/node-18.7.18.tgz#633184f55c322e4fb08612307c274ee6d5ed3154"
  integrity sha1-YzGE9VwyLk+whhIwfCdO5tXtMVQ=

"@types/node@^10.1.0":
  version "10.17.60"
  resolved "https://repo.symphony.com/artifactory/api/npm/npm-virtual-dev/@types/node/-/node-10.17.60.tgz#35f3d6213daed95da7f0f73e75bcc6980e90597b"
  integrity sha1-NfPWIT2u2V2n8Pc+dbzGmA6QWXs=

"@types/qs@*":
  version "6.9.7"
  resolved "https://repo.symphony.com/artifactory/api/npm/npm-virtual-dev/@types/qs/-/qs-6.9.7.tgz#63bb7d067db107cc1e457c303bc25d511febf6cb"
  integrity sha1-Y7t9Bn2xB8weRXwwO8JdUR/r9ss=

"@types/range-parser@*":
  version "1.2.4"
  resolved "https://repo.symphony.com/artifactory/api/npm/npm-virtual-dev/@types/range-parser/-/range-parser-1.2.4.tgz#cd667bcfdd025213aafb7ca5915a932590acdcdc"
  integrity sha1-zWZ7z90CUhOq+3ylkVqTJZCs3Nw=

"@types/serve-static@*":
  version "1.15.0"
  resolved "https://repo.symphony.com/artifactory/api/npm/npm-virtual-dev/@types/serve-static/-/serve-static-1.15.0.tgz#c7930ff61afb334e121a9da780aac0d9b8f34155"
  integrity sha1-x5MP9hr7M04SGp2ngKrA2bjzQVU=
  dependencies:
    "@types/mime" "*"
    "@types/node" "*"

accepts@^1.3.5, accepts@~1.3.8:
  version "1.3.8"
  resolved "https://repo.symphony.com/artifactory/api/npm/npm-virtual-dev/accepts/-/accepts-1.3.8.tgz#0bf0be125b67014adcb0b0921e62db7bffe16b2e"
  integrity sha1-C/C+EltnAUrcsLCSHmLbe//hay4=
  dependencies:
    mime-types "~2.1.34"
    negotiator "0.6.3"

apollo-datasource@^3.3.2:
  version "3.3.2"
  resolved "https://repo.symphony.com/artifactory/api/npm/npm-virtual-dev/apollo-datasource/-/apollo-datasource-3.3.2.tgz#5711f8b38d4b7b53fb788cb4dbd4a6a526ea74c8"
  integrity sha1-VxH4s41Le1P7eIy029SmpSbqdMg=
  dependencies:
    "@apollo/utils.keyvaluecache" "^1.0.1"
    apollo-server-env "^4.2.1"

apollo-reporting-protobuf@^3.3.1, apollo-reporting-protobuf@^3.3.2:
  version "3.3.2"
  resolved "https://repo.symphony.com/artifactory/api/npm/npm-virtual-dev/apollo-reporting-protobuf/-/apollo-reporting-protobuf-3.3.2.tgz#2078c53d3140bc6221c6040c5326623e0c21c8d4"
  integrity sha1-IHjFPTFAvGIhxgQMUyZiPgwhyNQ=
  dependencies:
    "@apollo/protobufjs" "1.2.4"

apollo-server-core@^3.10.2:
  version "3.10.2"
  resolved "https://repo.symphony.com/artifactory/api/npm/npm-virtual-dev/apollo-server-core/-/apollo-server-core-3.10.2.tgz#04c5c3fc96b6c7d7f84fdc7356cf9830de4db561"
  integrity sha1-BMXD/Ja2x9f4T9xzVs+YMN5NtWE=
  dependencies:
    "@apollo/utils.keyvaluecache" "^1.0.1"
    "@apollo/utils.logger" "^1.0.0"
    "@apollo/utils.usagereporting" "^1.0.0"
    "@apollographql/apollo-tools" "^0.5.3"
    "@apollographql/graphql-playground-html" "1.6.29"
    "@graphql-tools/mock" "^8.1.2"
    "@graphql-tools/schema" "^8.0.0"
    "@josephg/resolvable" "^1.0.0"
    apollo-datasource "^3.3.2"
    apollo-reporting-protobuf "^3.3.2"
    apollo-server-env "^4.2.1"
    apollo-server-errors "^3.3.1"
    apollo-server-plugin-base "^3.6.2"
    apollo-server-types "^3.6.2"
    async-retry "^1.2.1"
    fast-json-stable-stringify "^2.1.0"
    graphql-tag "^2.11.0"
    loglevel "^1.6.8"
    lru-cache "^6.0.0"
    sha.js "^2.4.11"
    uuid "^8.0.0"
    whatwg-mimetype "^3.0.0"

apollo-server-env@^4.2.1:
  version "4.2.1"
  resolved "https://repo.symphony.com/artifactory/api/npm/npm-virtual-dev/apollo-server-env/-/apollo-server-env-4.2.1.tgz#ea5b1944accdbdba311f179e4dfaeca482c20185"
  integrity sha1-6lsZRKzNvboxHxeeTfrspILCAYU=
  dependencies:
    node-fetch "^2.6.7"

apollo-server-errors@^3.3.1:
  version "3.3.1"
  resolved "https://repo.symphony.com/artifactory/api/npm/npm-virtual-dev/apollo-server-errors/-/apollo-server-errors-3.3.1.tgz#ba5c00cdaa33d4cbd09779f8cb6f47475d1cd655"
  integrity sha1-ulwAzaoz1MvQl3n4y29HR10c1lU=

apollo-server-express@^3.10.2:
  version "3.10.2"
  resolved "https://repo.symphony.com/artifactory/api/npm/npm-virtual-dev/apollo-server-express/-/apollo-server-express-3.10.2.tgz#df7cb81eab10d84db55297a2820cf3bd8814eb80"
  integrity sha1-33y4HqsQ2E21UpeiggzzvYgU64A=
  dependencies:
    "@types/accepts" "^1.3.5"
    "@types/body-parser" "1.19.2"
    "@types/cors" "2.8.12"
    "@types/express" "4.17.13"
    "@types/express-serve-static-core" "4.17.30"
    accepts "^1.3.5"
    apollo-server-core "^3.10.2"
    apollo-server-types "^3.6.2"
    body-parser "^1.19.0"
    cors "^2.8.5"
    parseurl "^1.3.3"

apollo-server-plugin-base@^3.6.2:
  version "3.6.2"
  resolved "https://repo.symphony.com/artifactory/api/npm/npm-virtual-dev/apollo-server-plugin-base/-/apollo-server-plugin-base-3.6.2.tgz#f256e1f274c8fee0d7267b6944f402da71788fb3"
  integrity sha1-8lbh8nTI/uDXJntpRPQC2nF4j7M=
  dependencies:
    apollo-server-types "^3.6.2"

apollo-server-types@^3.6.2:
  version "3.6.2"
  resolved "https://repo.symphony.com/artifactory/api/npm/npm-virtual-dev/apollo-server-types/-/apollo-server-types-3.6.2.tgz#34bb0c335fcce3057cbdf72b3b63da182de6fc84"
  integrity sha1-NLsMM1/M4wV8vfcrO2PaGC3m/IQ=
  dependencies:
    "@apollo/utils.keyvaluecache" "^1.0.1"
    "@apollo/utils.logger" "^1.0.0"
    apollo-reporting-protobuf "^3.3.2"
    apollo-server-env "^4.2.1"

apollo-server@^3.10.2:
  version "3.10.2"
  resolved "https://repo.symphony.com/artifactory/api/npm/npm-virtual-dev/apollo-server/-/apollo-server-3.10.2.tgz#8d7859ba27f3d94c57a0a7065ae776f32dfc697a"
  integrity sha1-jXhZuifz2UxXoKcGWud28y38aXo=
  dependencies:
    "@types/express" "4.17.13"
    apollo-server-core "^3.10.2"
    apollo-server-express "^3.10.2"
    express "^4.17.1"

array-flatten@1.1.1:
  version "1.1.1"
  resolved "https://repo.symphony.com/artifactory/api/npm/npm-virtual-dev/array-flatten/-/array-flatten-1.1.1.tgz#9a5f699051b1e7073328f2a008968b64ea2955d2"
  integrity sha1-ml9pkFGx5wczKPKgCJaLZOopVdI=

async-retry@^1.2.1:
  version "1.3.3"
  resolved "https://repo.symphony.com/artifactory/api/npm/npm-virtual-dev/async-retry/-/async-retry-1.3.3.tgz#0e7f36c04d8478e7a58bdbed80cedf977785f280"
  integrity sha1-Dn82wE2EeOeli9vtgM7fl3eF8oA=
  dependencies:
    retry "0.13.1"

body-parser@1.20.0, body-parser@^1.19.0:
  version "1.20.0"
  resolved "https://repo.symphony.com/artifactory/api/npm/npm-virtual-dev/body-parser/-/body-parser-1.20.0.tgz#3de69bd89011c11573d7bfee6a64f11b6bd27cc5"
  integrity sha1-Peab2JARwRVz17/uamTxG2vSfMU=
  dependencies:
    bytes "3.1.2"
    content-type "~1.0.4"
    debug "2.6.9"
    depd "2.0.0"
    destroy "1.2.0"
    http-errors "2.0.0"
    iconv-lite "0.4.24"
    on-finished "2.4.1"
    qs "6.10.3"
    raw-body "2.5.1"
    type-is "~1.6.18"
    unpipe "1.0.0"

bytes@3.1.2:
  version "3.1.2"
  resolved "https://repo.symphony.com/artifactory/api/npm/npm-virtual-dev/bytes/-/bytes-3.1.2.tgz#8b0beeb98605adf1b128fa4386403c009e0221a5"
  integrity sha1-iwvuuYYFrfGxKPpDhkA8AJ4CIaU=

call-bind@^1.0.0:
  version "1.0.2"
  resolved "https://repo.symphony.com/artifactory/api/npm/npm-virtual-dev/call-bind/-/call-bind-1.0.2.tgz#b1d4e89e688119c3c9a903ad30abb2f6a919be3c"
  integrity sha1-sdTonmiBGcPJqQOtMKuy9qkZvjw=
  dependencies:
    function-bind "^1.1.1"
    get-intrinsic "^1.0.2"

commander@^2.20.3:
  version "2.20.3"
  resolved "https://repo.symphony.com/artifactory/api/npm/npm-virtual-dev/commander/-/commander-2.20.3.tgz#fd485e84c03eb4881c20722ba48035e8531aeb33"
  integrity sha1-/UhehMA+tIgcIHIrpIA16FMa6zM=

content-disposition@0.5.4:
  version "0.5.4"
  resolved "https://repo.symphony.com/artifactory/api/npm/npm-virtual-dev/content-disposition/-/content-disposition-0.5.4.tgz#8b82b4efac82512a02bb0b1dcec9d2c5e8eb5bfe"
  integrity sha1-i4K076yCUSoCuwsdzsnSxejrW/4=
  dependencies:
    safe-buffer "5.2.1"

content-type@~1.0.4:
  version "1.0.4"
  resolved "https://repo.symphony.com/artifactory/api/npm/npm-virtual-dev/content-type/-/content-type-1.0.4.tgz#e138cc75e040c727b1966fe5e5f8c9aee256fe3b"
  integrity sha1-4TjMdeBAxyexlm/l5fjJruJW/js=

cookie-signature@1.0.6:
  version "1.0.6"
  resolved "https://repo.symphony.com/artifactory/api/npm/npm-virtual-dev/cookie-signature/-/cookie-signature-1.0.6.tgz#e303a882b342cc3ee8ca513a79999734dab3ae2c"
  integrity sha1-4wOogrNCzD7oylE6eZmXNNqzriw=

cookie@0.5.0:
  version "0.5.0"
  resolved "https://repo.symphony.com/artifactory/api/npm/npm-virtual-dev/cookie/-/cookie-0.5.0.tgz#d1f5d71adec6558c58f389987c366aa47e994f8b"
  integrity sha1-0fXXGt7GVYxY84mYfDZqpH6ZT4s=

cors@^2.8.5:
  version "2.8.5"
  resolved "https://repo.symphony.com/artifactory/api/npm/npm-virtual-dev/cors/-/cors-2.8.5.tgz#eac11da51592dd86b9f06f6e7ac293b3df875d29"
  integrity sha1-6sEdpRWS3Ya58G9uesKTs9+HXSk=
  dependencies:
    object-assign "^4"
    vary "^1"

cssfilter@0.0.10:
  version "0.0.10"
  resolved "https://repo.symphony.com/artifactory/api/npm/npm-virtual-dev/cssfilter/-/cssfilter-0.0.10.tgz#c6d2672632a2e5c83e013e6864a42ce8defd20ae"
  integrity sha1-xtJnJjKi5cg+AT5oZKQs6N79IK4=

debug@2.6.9:
  version "2.6.9"
  resolved "https://repo.symphony.com/artifactory/api/npm/npm-virtual-dev/debug/-/debug-2.6.9.tgz#5d128515df134ff327e90a4c93f4e077a536341f"
  integrity sha1-XRKFFd8TT/Mn6QpMk/Tgd6U2NB8=
  dependencies:
    ms "2.0.0"

depd@2.0.0:
  version "2.0.0"
  resolved "https://repo.symphony.com/artifactory/api/npm/npm-virtual-dev/depd/-/depd-2.0.0.tgz#b696163cc757560d09cf22cc8fad1571b79e76df"
  integrity sha1-tpYWPMdXVg0JzyLMj60Vcbeedt8=

destroy@1.2.0:
  version "1.2.0"
  resolved "https://repo.symphony.com/artifactory/api/npm/npm-virtual-dev/destroy/-/destroy-1.2.0.tgz#4803735509ad8be552934c67df614f94e66fa015"
  integrity sha1-SANzVQmti+VSk0xn32FPlOZvoBU=

ee-first@1.1.1:
  version "1.1.1"
  resolved "https://repo.symphony.com/artifactory/api/npm/npm-virtual-dev/ee-first/-/ee-first-1.1.1.tgz#590c61156b0ae2f4f0255732a158b266bc56b21d"
  integrity sha1-WQxhFWsK4vTwJVcyoViyZrxWsh0=

encodeurl@~1.0.2:
  version "1.0.2"
  resolved "https://repo.symphony.com/artifactory/api/npm/npm-virtual-dev/encodeurl/-/encodeurl-1.0.2.tgz#ad3ff4c86ec2d029322f5a02c3a9a606c95b3f59"
  integrity sha1-rT/0yG7C0CkyL1oCw6mmBslbP1k=

escape-html@~1.0.3:
  version "1.0.3"
  resolved "https://repo.symphony.com/artifactory/api/npm/npm-virtual-dev/escape-html/-/escape-html-1.0.3.tgz#0258eae4d3d0c0974de1c169188ef0051d1d1988"
  integrity sha1-Aljq5NPQwJdN4cFpGI7wBR0dGYg=

etag@~1.8.1:
  version "1.8.1"
  resolved "https://repo.symphony.com/artifactory/api/npm/npm-virtual-dev/etag/-/etag-1.8.1.tgz#41ae2eeb65efa62268aebfea83ac7d79299b0887"
  integrity sha1-Qa4u62XvpiJorr/qg6x9eSmbCIc=

express@^4.17.1:
  version "4.18.1"
  resolved "https://repo.symphony.com/artifactory/api/npm/npm-virtual-dev/express/-/express-4.18.1.tgz#7797de8b9c72c857b9cd0e14a5eea80666267caf"
  integrity sha1-d5fei5xyyFe5zQ4Upe6oBmYmfK8=
  dependencies:
    accepts "~1.3.8"
    array-flatten "1.1.1"
    body-parser "1.20.0"
    content-disposition "0.5.4"
    content-type "~1.0.4"
    cookie "0.5.0"
    cookie-signature "1.0.6"
    debug "2.6.9"
    depd "2.0.0"
    encodeurl "~1.0.2"
    escape-html "~1.0.3"
    etag "~1.8.1"
    finalhandler "1.2.0"
    fresh "0.5.2"
    http-errors "2.0.0"
    merge-descriptors "1.0.1"
    methods "~1.1.2"
    on-finished "2.4.1"
    parseurl "~1.3.3"
    path-to-regexp "0.1.7"
    proxy-addr "~2.0.7"
    qs "6.10.3"
    range-parser "~1.2.1"
    safe-buffer "5.2.1"
    send "0.18.0"
    serve-static "1.15.0"
    setprototypeof "1.2.0"
    statuses "2.0.1"
    type-is "~1.6.18"
    utils-merge "1.0.1"
    vary "~1.1.2"

fast-json-stable-stringify@^2.1.0:
  version "2.1.0"
  resolved "https://repo.symphony.com/artifactory/api/npm/npm-virtual-dev/fast-json-stable-stringify/-/fast-json-stable-stringify-2.1.0.tgz#874bf69c6f404c2b5d99c481341399fd55892633"
  integrity sha1-h0v2nG9ATCtdmcSBNBOZ/VWJJjM=

finalhandler@1.2.0:
  version "1.2.0"
  resolved "https://repo.symphony.com/artifactory/api/npm/npm-virtual-dev/finalhandler/-/finalhandler-1.2.0.tgz#7d23fe5731b207b4640e4fcd00aec1f9207a7b32"
  integrity sha1-fSP+VzGyB7RkDk/NAK7B+SB6ezI=
  dependencies:
    debug "2.6.9"
    encodeurl "~1.0.2"
    escape-html "~1.0.3"
    on-finished "2.4.1"
    parseurl "~1.3.3"
    statuses "2.0.1"
    unpipe "~1.0.0"

forwarded@0.2.0:
  version "0.2.0"
  resolved "https://repo.symphony.com/artifactory/api/npm/npm-virtual-dev/forwarded/-/forwarded-0.2.0.tgz#2269936428aad4c15c7ebe9779a84bf0b2a81811"
  integrity sha1-ImmTZCiq1MFcfr6XeahL8LKoGBE=

fresh@0.5.2:
  version "0.5.2"
  resolved "https://repo.symphony.com/artifactory/api/npm/npm-virtual-dev/fresh/-/fresh-0.5.2.tgz#3d8cadd90d976569fa835ab1f8e4b23a105605a7"
  integrity sha1-PYyt2Q2XZWn6g1qx+OSyOhBWBac=

function-bind@^1.1.1:
  version "1.1.1"
  resolved "https://repo.symphony.com/artifactory/api/npm/npm-virtual-dev/function-bind/-/function-bind-1.1.1.tgz#a56899d3ea3c9bab874bb9773b7c5ede92f4895d"
  integrity sha1-pWiZ0+o8m6uHS7l3O3xe3pL0iV0=

get-intrinsic@^1.0.2:
  version "1.1.3"
  resolved "https://repo.symphony.com/artifactory/api/npm/npm-virtual-dev/get-intrinsic/-/get-intrinsic-1.1.3.tgz#063c84329ad93e83893c7f4f243ef63ffa351385"
  integrity sha1-BjyEMprZPoOJPH9PJD72P/o1E4U=
  dependencies:
    function-bind "^1.1.1"
    has "^1.0.3"
    has-symbols "^1.0.3"

graphql-tag@^2.11.0:
  version "2.12.6"
  resolved "https://repo.symphony.com/artifactory/api/npm/npm-virtual-dev/graphql-tag/-/graphql-tag-2.12.6.tgz#d441a569c1d2537ef10ca3d1633b48725329b5f1"
  integrity sha1-1EGlacHSU37xDKPRYztIclMptfE=
  dependencies:
    tslib "^2.1.0"

graphql@^16.6.0:
  version "16.6.0"
  resolved "https://repo.symphony.com/artifactory/api/npm/npm-virtual-dev/graphql/-/graphql-16.6.0.tgz#c2dcffa4649db149f6282af726c8c83f1c7c5fdb"
  integrity sha1-wtz/pGSdsUn2KCr3JsjIPxx8X9s=

has-symbols@^1.0.3:
  version "1.0.3"
  resolved "https://repo.symphony.com/artifactory/api/npm/npm-virtual-dev/has-symbols/-/has-symbols-1.0.3.tgz#bb7b2c4349251dce87b125f7bdf874aa7c8b39f8"
  integrity sha1-u3ssQ0klHc6HsSX3vfh0qnyLOfg=

has@^1.0.3:
  version "1.0.3"
  resolved "https://repo.symphony.com/artifactory/api/npm/npm-virtual-dev/has/-/has-1.0.3.tgz#722d7cbfc1f6aa8241f16dd814e011e1f41e8796"
  integrity sha1-ci18v8H2qoJB8W3YFOAR4fQeh5Y=
  dependencies:
    function-bind "^1.1.1"

http-errors@2.0.0:
  version "2.0.0"
  resolved "https://repo.symphony.com/artifactory/api/npm/npm-virtual-dev/http-errors/-/http-errors-2.0.0.tgz#b7774a1486ef73cf7667ac9ae0858c012c57b9d3"
  integrity sha1-t3dKFIbvc892Z6ya4IWMASxXudM=
  dependencies:
    depd "2.0.0"
    inherits "2.0.4"
    setprototypeof "1.2.0"
    statuses "2.0.1"
    toidentifier "1.0.1"

iconv-lite@0.4.24:
  version "0.4.24"
  resolved "https://repo.symphony.com/artifactory/api/npm/npm-virtual-dev/iconv-lite/-/iconv-lite-0.4.24.tgz#2022b4b25fbddc21d2f524974a474aafe733908b"
  integrity sha1-ICK0sl+93CHS9SSXSkdKr+czkIs=
  dependencies:
    safer-buffer ">= 2.1.2 < 3"

inherits@2.0.4, inherits@^2.0.1:
  version "2.0.4"
  resolved "https://repo.symphony.com/artifactory/api/npm/npm-virtual-dev/inherits/-/inherits-2.0.4.tgz#0fa2c64f932917c3433a0ded55363aae37416b7c"
  integrity sha1-D6LGT5MpF8NDOg3tVTY6rjdBa3w=

ipaddr.js@1.9.1:
  version "1.9.1"
  resolved "https://repo.symphony.com/artifactory/api/npm/npm-virtual-dev/ipaddr.js/-/ipaddr.js-1.9.1.tgz#bff38543eeb8984825079ff3a2a8e6cbd46781b3"
  integrity sha1-v/OFQ+64mEglB5/zoqjmy9RngbM=

lodash.sortby@^4.7.0:
  version "4.7.0"
  resolved "https://repo.symphony.com/artifactory/api/npm/npm-virtual-dev/lodash.sortby/-/lodash.sortby-4.7.0.tgz#edd14c824e2cc9c1e0b0a1b42bb5210516a42438"
  integrity sha1-7dFMgk4sycHgsKG0K7UhBRakJDg=

loglevel@^1.6.8:
  version "1.8.0"
  resolved "https://repo.symphony.com/artifactory/api/npm/npm-virtual-dev/loglevel/-/loglevel-1.8.0.tgz#e7ec73a57e1e7b419cb6c6ac06bf050b67356114"
  integrity sha1-5+xzpX4ee0GctsasBr8FC2c1YRQ=

long@^4.0.0:
  version "4.0.0"
  resolved "https://repo.symphony.com/artifactory/api/npm/npm-virtual-dev/long/-/long-4.0.0.tgz#9a7b71cfb7d361a194ea555241c92f7468d5bf28"
  integrity sha1-mntxz7fTYaGU6lVSQckvdGjVvyg=

lru-cache@^6.0.0:
  version "6.0.0"
  resolved "https://repo.symphony.com/artifactory/api/npm/npm-virtual-dev/lru-cache/-/lru-cache-6.0.0.tgz#6d6fe6570ebd96aaf90fcad1dafa3b2566db3a94"
  integrity sha1-bW/mVw69lqr5D8rR2vo7JWbbOpQ=
  dependencies:
    yallist "^4.0.0"

lru-cache@^7.10.1:
  version "7.14.0"
  resolved "https://repo.symphony.com/artifactory/api/npm/npm-virtual-dev/lru-cache/-/lru-cache-7.14.0.tgz#21be64954a4680e303a09e9468f880b98a0b3c7f"
  integrity sha1-Ib5klUpGgOMDoJ6UaPiAuYoLPH8=

media-typer@0.3.0:
  version "0.3.0"
  resolved "https://repo.symphony.com/artifactory/api/npm/npm-virtual-dev/media-typer/-/media-typer-0.3.0.tgz#8710d7af0aa626f8fffa1ce00168545263255748"
  integrity sha1-hxDXrwqmJvj/+hzgAWhUUmMlV0g=

merge-descriptors@1.0.1:
  version "1.0.1"
  resolved "https://repo.symphony.com/artifactory/api/npm/npm-virtual-dev/merge-descriptors/-/merge-descriptors-1.0.1.tgz#b00aaa556dd8b44568150ec9d1b953f3f90cbb61"
  integrity sha1-sAqqVW3YtEVoFQ7J0blT8/kMu2E=

methods@~1.1.2:
  version "1.1.2"
  resolved "https://repo.symphony.com/artifactory/api/npm/npm-virtual-dev/methods/-/methods-1.1.2.tgz#5529a4d67654134edcc5266656835b0f851afcee"
  integrity sha1-VSmk1nZUE07cxSZmVoNbD4Ua/O4=

mime-db@1.52.0:
  version "1.52.0"
  resolved "https://repo.symphony.com/artifactory/api/npm/npm-virtual-dev/mime-db/-/mime-db-1.52.0.tgz#bbabcdc02859f4987301c856e3387ce5ec43bf70"
  integrity sha1-u6vNwChZ9JhzAchW4zh85exDv3A=

mime-types@~2.1.24, mime-types@~2.1.34:
  version "2.1.35"
  resolved "https://repo.symphony.com/artifactory/api/npm/npm-virtual-dev/mime-types/-/mime-types-2.1.35.tgz#381a871b62a734450660ae3deee44813f70d959a"
  integrity sha1-OBqHG2KnNEUGYK497uRIE/cNlZo=
  dependencies:
    mime-db "1.52.0"

mime@1.6.0:
  version "1.6.0"
  resolved "https://repo.symphony.com/artifactory/api/npm/npm-virtual-dev/mime/-/mime-1.6.0.tgz#32cd9e5c64553bd58d19a568af452acff04981b1"
  integrity sha1-Ms2eXGRVO9WNGaVor0Uqz/BJgbE=

ms@2.0.0:
  version "2.0.0"
  resolved "https://repo.symphony.com/artifactory/api/npm/npm-virtual-dev/ms/-/ms-2.0.0.tgz#5608aeadfc00be6c2901df5f9861788de0d597c8"
  integrity sha1-VgiurfwAvmwpAd9fmGF4jeDVl8g=

ms@2.1.3:
  version "2.1.3"
  resolved "https://repo.symphony.com/artifactory/api/npm/npm-virtual-dev/ms/-/ms-2.1.3.tgz#574c8138ce1d2b5861f0b44579dbadd60c6615b2"
  integrity sha1-V0yBOM4dK1hh8LRFedut1gxmFbI=

negotiator@0.6.3:
  version "0.6.3"
  resolved "https://repo.symphony.com/artifactory/api/npm/npm-virtual-dev/negotiator/-/negotiator-0.6.3.tgz#58e323a72fedc0d6f9cd4d31fe49f51479590ccd"
  integrity sha1-WOMjpy/twNb5zU0x/kn1FHlZDM0=

node-fetch@^2.6.7:
  version "2.6.7"
  resolved "https://repo.symphony.com/artifactory/api/npm/npm-virtual-dev/node-fetch/-/node-fetch-2.6.7.tgz#24de9fba827e3b4ae44dc8b20256a379160052ad"
  integrity sha1-JN6fuoJ+O0rkTciyAlajeRYAUq0=
  dependencies:
    whatwg-url "^5.0.0"

object-assign@^4:
  version "4.1.1"
  resolved "https://repo.symphony.com/artifactory/api/npm/npm-virtual-dev/object-assign/-/object-assign-4.1.1.tgz#2109adc7965887cfc05cbbd442cac8bfbb360863"
  integrity sha1-IQmtx5ZYh8/AXLvUQsrIv7s2CGM=

object-inspect@^1.9.0:
  version "1.12.2"
  resolved "https://repo.symphony.com/artifactory/api/npm/npm-virtual-dev/object-inspect/-/object-inspect-1.12.2.tgz#c0641f26394532f28ab8d796ab954e43c009a8ea"
  integrity sha1-wGQfJjlFMvKKuNeWq5VOQ8AJqOo=

on-finished@2.4.1:
  version "2.4.1"
  resolved "https://repo.symphony.com/artifactory/api/npm/npm-virtual-dev/on-finished/-/on-finished-2.4.1.tgz#58c8c44116e54845ad57f14ab10b03533184ac3f"
  integrity sha1-WMjEQRblSEWtV/FKsQsDUzGErD8=
  dependencies:
    ee-first "1.1.1"

parseurl@^1.3.3, parseurl@~1.3.3:
  version "1.3.3"
  resolved "https://repo.symphony.com/artifactory/api/npm/npm-virtual-dev/parseurl/-/parseurl-1.3.3.tgz#9da19e7bee8d12dff0513ed5b76957793bc2e8d4"
  integrity sha1-naGee+6NEt/wUT7Vt2lXeTvC6NQ=

path-to-regexp@0.1.7:
  version "0.1.7"
  resolved "https://repo.symphony.com/artifactory/api/npm/npm-virtual-dev/path-to-regexp/-/path-to-regexp-0.1.7.tgz#df604178005f522f15eb4490e7247a1bfaa67f8c"
  integrity sha1-32BBeABfUi8V60SQ5yR6G/qmf4w=

proxy-addr@~2.0.7:
  version "2.0.7"
  resolved "https://repo.symphony.com/artifactory/api/npm/npm-virtual-dev/proxy-addr/-/proxy-addr-2.0.7.tgz#f19fe69ceab311eeb94b42e70e8c2070f9ba1025"
  integrity sha1-8Z/mnOqzEe65S0LnDowgcPm6ECU=
  dependencies:
    forwarded "0.2.0"
    ipaddr.js "1.9.1"

qs@6.10.3:
  version "6.10.3"
  resolved "https://repo.symphony.com/artifactory/api/npm/npm-virtual-dev/qs/-/qs-6.10.3.tgz#d6cde1b2ffca87b5aa57889816c5f81535e22e8e"
  integrity sha1-1s3hsv/Kh7WqV4iYFsX4FTXiLo4=
  dependencies:
    side-channel "^1.0.4"

range-parser@~1.2.1:
  version "1.2.1"
  resolved "https://repo.symphony.com/artifactory/api/npm/npm-virtual-dev/range-parser/-/range-parser-1.2.1.tgz#3cf37023d199e1c24d1a55b84800c2f3e6468031"
  integrity sha1-PPNwI9GZ4cJNGlW4SADC8+ZGgDE=

raw-body@2.5.1:
  version "2.5.1"
  resolved "https://repo.symphony.com/artifactory/api/npm/npm-virtual-dev/raw-body/-/raw-body-2.5.1.tgz#fe1b1628b181b700215e5fd42389f98b71392857"
  integrity sha1-/hsWKLGBtwAhXl/UI4n5i3E5KFc=
  dependencies:
    bytes "3.1.2"
    http-errors "2.0.0"
    iconv-lite "0.4.24"
    unpipe "1.0.0"

retry@0.13.1:
  version "0.13.1"
  resolved "https://repo.symphony.com/artifactory/api/npm/npm-virtual-dev/retry/-/retry-0.13.1.tgz#185b1587acf67919d63b357349e03537b2484658"
  integrity sha1-GFsVh6z2eRnWOzVzSeA1N7JIRlg=

safe-buffer@5.2.1, safe-buffer@^5.0.1:
  version "5.2.1"
  resolved "https://repo.symphony.com/artifactory/api/npm/npm-virtual-dev/safe-buffer/-/safe-buffer-5.2.1.tgz#1eaf9fa9bdb1fdd4ec75f58f9cdb4e6b7827eec6"
  integrity sha1-Hq+fqb2x/dTsdfWPnNtOa3gn7sY=

"safer-buffer@>= 2.1.2 < 3":
  version "2.1.2"
  resolved "https://repo.symphony.com/artifactory/api/npm/npm-virtual-dev/safer-buffer/-/safer-buffer-2.1.2.tgz#44fa161b0187b9549dd84bb91802f9bd8385cd6a"
  integrity sha1-RPoWGwGHuVSd2Eu5GAL5vYOFzWo=

send@0.18.0:
  version "0.18.0"
  resolved "https://repo.symphony.com/artifactory/api/npm/npm-virtual-dev/send/-/send-0.18.0.tgz#670167cc654b05f5aa4a767f9113bb371bc706be"
  integrity sha1-ZwFnzGVLBfWqSnZ/kRO7NxvHBr4=
  dependencies:
    debug "2.6.9"
    depd "2.0.0"
    destroy "1.2.0"
    encodeurl "~1.0.2"
    escape-html "~1.0.3"
    etag "~1.8.1"
    fresh "0.5.2"
    http-errors "2.0.0"
    mime "1.6.0"
    ms "2.1.3"
    on-finished "2.4.1"
    range-parser "~1.2.1"
    statuses "2.0.1"

serve-static@1.15.0:
  version "1.15.0"
  resolved "https://repo.symphony.com/artifactory/api/npm/npm-virtual-dev/serve-static/-/serve-static-1.15.0.tgz#faaef08cffe0a1a62f60cad0c4e513cff0ac9540"
  integrity sha1-+q7wjP/goaYvYMrQxOUTz/CslUA=
  dependencies:
    encodeurl "~1.0.2"
    escape-html "~1.0.3"
    parseurl "~1.3.3"
    send "0.18.0"

setprototypeof@1.2.0:
  version "1.2.0"
  resolved "https://repo.symphony.com/artifactory/api/npm/npm-virtual-dev/setprototypeof/-/setprototypeof-1.2.0.tgz#66c9a24a73f9fc28cbe66b09fed3d33dcaf1b424"
  integrity sha1-ZsmiSnP5/CjL5msJ/tPTPcrxtCQ=

sha.js@^2.4.11:
  version "2.4.11"
  resolved "https://repo.symphony.com/artifactory/api/npm/npm-virtual-dev/sha.js/-/sha.js-2.4.11.tgz#37a5cf0b81ecbc6943de109ba2960d1b26584ae7"
  integrity sha1-N6XPC4HsvGlD3hCbopYNGyZYSuc=
  dependencies:
    inherits "^2.0.1"
    safe-buffer "^5.0.1"

side-channel@^1.0.4:
  version "1.0.4"
  resolved "https://repo.symphony.com/artifactory/api/npm/npm-virtual-dev/side-channel/-/side-channel-1.0.4.tgz#efce5c8fdc104ee751b25c58d4290011fa5ea2cf"
  integrity sha1-785cj9wQTudRslxY1CkAEfpeos8=
  dependencies:
    call-bind "^1.0.0"
    get-intrinsic "^1.0.2"
    object-inspect "^1.9.0"

statuses@2.0.1:
  version "2.0.1"
  resolved "https://repo.symphony.com/artifactory/api/npm/npm-virtual-dev/statuses/-/statuses-2.0.1.tgz#55cb000ccf1d48728bd23c685a063998cf1a1b63"
  integrity sha1-VcsADM8dSHKL0jxoWgY5mM8aG2M=

toidentifier@1.0.1:
  version "1.0.1"
  resolved "https://repo.symphony.com/artifactory/api/npm/npm-virtual-dev/toidentifier/-/toidentifier-1.0.1.tgz#3be34321a88a820ed1bd80dfaa33e479fbb8dd35"
  integrity sha1-O+NDIaiKgg7RvYDfqjPkefu43TU=

tr46@~0.0.3:
  version "0.0.3"
  resolved "https://repo.symphony.com/artifactory/api/npm/npm-virtual-dev/tr46/-/tr46-0.0.3.tgz#8184fd347dac9cdc185992f3a6622e14b9d9ab6a"
  integrity sha1-gYT9NH2snNwYWZLzpmIuFLnZq2o=

tslib@^2.1.0, tslib@^2.4.0:
  version "2.4.0"
  resolved "https://repo.symphony.com/artifactory/api/npm/npm-virtual-dev/tslib/-/tslib-2.4.0.tgz#7cecaa7f073ce680a05847aa77be941098f36dc3"
  integrity sha1-fOyqfwc85oCgWEeqd76UEJjzbcM=

type-is@~1.6.18:
  version "1.6.18"
  resolved "https://repo.symphony.com/artifactory/api/npm/npm-virtual-dev/type-is/-/type-is-1.6.18.tgz#4e552cd05df09467dcbc4ef739de89f2cf37c131"
  integrity sha1-TlUs0F3wlGfcvE73Od6J8s83wTE=
  dependencies:
    media-typer "0.3.0"
    mime-types "~2.1.24"

unpipe@1.0.0, unpipe@~1.0.0:
  version "1.0.0"
  resolved "https://repo.symphony.com/artifactory/api/npm/npm-virtual-dev/unpipe/-/unpipe-1.0.0.tgz#b2bf4ee8514aae6165b4817829d21b2ef49904ec"
  integrity sha1-sr9O6FFKrmFltIF4KdIbLvSZBOw=

utils-merge@1.0.1:
  version "1.0.1"
  resolved "https://repo.symphony.com/artifactory/api/npm/npm-virtual-dev/utils-merge/-/utils-merge-1.0.1.tgz#9f95710f50a267947b2ccc124741c1028427e713"
  integrity sha1-n5VxD1CiZ5R7LMwSR0HBAoQn5xM=

uuid@^8.0.0:
  version "8.3.2"
  resolved "https://repo.symphony.com/artifactory/api/npm/npm-virtual-dev/uuid/-/uuid-8.3.2.tgz#80d5b5ced271bb9af6c445f21a1a04c606cefbe2"
  integrity sha1-gNW1ztJxu5r2xEXyGhoExgbO++I=

value-or-promise@1.0.11:
  version "1.0.11"
  resolved "https://repo.symphony.com/artifactory/api/npm/npm-virtual-dev/value-or-promise/-/value-or-promise-1.0.11.tgz#3e90299af31dd014fe843fe309cefa7c1d94b140"
  integrity sha1-PpApmvMd0BT+hD/jCc76fB2UsUA=

vary@^1, vary@~1.1.2:
  version "1.1.2"
  resolved "https://repo.symphony.com/artifactory/api/npm/npm-virtual-dev/vary/-/vary-1.1.2.tgz#2299f02c6ded30d4a5961b0b9f74524a18f634fc"
  integrity sha1-IpnwLG3tMNSllhsLn3RSShj2NPw=

webidl-conversions@^3.0.0:
  version "3.0.1"
  resolved "https://repo.symphony.com/artifactory/api/npm/npm-virtual-dev/webidl-conversions/-/webidl-conversions-3.0.1.tgz#24534275e2a7bc6be7bc86611cc16ae0a5654871"
  integrity sha1-JFNCdeKnvGvnvIZhHMFq4KVlSHE=

whatwg-mimetype@^3.0.0:
  version "3.0.0"
  resolved "https://repo.symphony.com/artifactory/api/npm/npm-virtual-dev/whatwg-mimetype/-/whatwg-mimetype-3.0.0.tgz#5fa1a7623867ff1af6ca3dc72ad6b8a4208beba7"
  integrity sha1-X6GnYjhn/xr2yj3HKta4pCCL66c=

whatwg-url@^5.0.0:
  version "5.0.0"
  resolved "https://repo.symphony.com/artifactory/api/npm/npm-virtual-dev/whatwg-url/-/whatwg-url-5.0.0.tgz#966454e8765462e37644d3626f6742ce8b70965d"
  integrity sha1-lmRU6HZUYuN2RNNib2dCzotwll0=
  dependencies:
    tr46 "~0.0.3"
    webidl-conversions "^3.0.0"

xss@^1.0.8:
  version "1.0.14"
  resolved "https://repo.symphony.com/artifactory/api/npm/npm-virtual-dev/xss/-/xss-1.0.14.tgz#4f3efbde75ad0d82e9921cc3c95e6590dd336694"
  integrity sha1-Tz773nWtDYLpkhzDyV5lkN0zZpQ=
  dependencies:
    commander "^2.20.3"
    cssfilter "0.0.10"

yallist@^4.0.0:
  version "4.0.0"
  resolved "https://repo.symphony.com/artifactory/api/npm/npm-virtual-dev/yallist/-/yallist-4.0.0.tgz#9bb92790d9c0effec63be73519e11a35019a3a72"
  integrity sha1-m7knkNnA7/7GO+c1GeEaNQGaOnI=
